// !$*UTF8*$!
{
	archiveVersion = 1;
	classes = {
	};
	objectVersion = 52;
	objects = {

/* Begin PBXBuildFile section */
		6036BE6F25334C5D00149E74 /* ios_onesignal_notificationApp.swift in Sources */ = {isa = PBXBuildFile; fileRef = 6036BE6E25334C5D00149E74 /* ios_onesignal_notificationApp.swift */; };
		6036BE7125334C5D00149E74 /* ContentView.swift in Sources */ = {isa = PBXBuildFile; fileRef = 6036BE7025334C5D00149E74 /* ContentView.swift */; };
		6036BE7325334C5E00149E74 /* Assets.xcassets in Resources */ = {isa = PBXBuildFile; fileRef = 6036BE7225334C5E00149E74 /* Assets.xcassets */; };
		6036BE7625334C5E00149E74 /* Preview Assets.xcassets in Resources */ = {isa = PBXBuildFile; fileRef = 6036BE7525334C5E00149E74 /* Preview Assets.xcassets */; };
		6036BE862533557900149E74 /* NotificationService.swift in Sources */ = {isa = PBXBuildFile; fileRef = 6036BE852533557900149E74 /* NotificationService.swift */; };
		6036BE8A2533557900149E74 /* OneSignalNotificationServiceExtension.appex in Embed App Extensions */ = {isa = PBXBuildFile; fileRef = 6036BE832533557900149E74 /* OneSignalNotificationServiceExtension.appex */; settings = {ATTRIBUTES = (RemoveHeadersOnCopy, ); }; };
		6036BE9325335B9F00149E74 /* OneSignal in Frameworks */ = {isa = PBXBuildFile; productRef = 6036BE9225335B9F00149E74 /* OneSignal */; };
		6036BE9825335C9300149E74 /* OneSignal in Frameworks */ = {isa = PBXBuildFile; productRef = 6036BE9725335C9300149E74 /* OneSignal */; };
/* End PBXBuildFile section */

/* Begin PBXContainerItemProxy section */
		6036BE882533557900149E74 /* PBXContainerItemProxy */ = {
			isa = PBXContainerItemProxy;
			containerPortal = 6036BE6325334C5D00149E74 /* Project object */;
			proxyType = 1;
			remoteGlobalIDString = 6036BE822533557900149E74;
			remoteInfo = OneSignalNotificationServiceExtension;
		};
/* End PBXContainerItemProxy section */

/* Begin PBXCopyFilesBuildPhase section */
		6036BE8E2533557900149E74 /* Embed App Extensions */ = {
			isa = PBXCopyFilesBuildPhase;
			buildActionMask = 2147483647;
			dstPath = "";
			dstSubfolderSpec = 13;
			files = (
				6036BE8A2533557900149E74 /* OneSignalNotificationServiceExtension.appex in Embed App Extensions */,
			);
			name = "Embed App Extensions";
			runOnlyForDeploymentPostprocessing = 0;
		};
/* End PBXCopyFilesBuildPhase section */

/* Begin PBXFileReference section */
		6036BE6B25334C5D00149E74 /* ios onesignal notification.app */ = {isa = PBXFileReference; explicitFileType = wrapper.application; includeInIndex = 0; path = "ios onesignal notification.app"; sourceTree = BUILT_PRODUCTS_DIR; };
		6036BE6E25334C5D00149E74 /* ios_onesignal_notificationApp.swift */ = {isa = PBXFileReference; lastKnownFileType = sourcecode.swift; path = ios_onesignal_notificationApp.swift; sourceTree = "<group>"; };
		6036BE7025334C5D00149E74 /* ContentView.swift */ = {isa = PBXFileReference; lastKnownFileType = sourcecode.swift; path = ContentView.swift; sourceTree = "<group>"; };
		6036BE7225334C5E00149E74 /* Assets.xcassets */ = {isa = PBXFileReference; lastKnownFileType = folder.assetcatalog; path = Assets.xcassets; sourceTree = "<group>"; };
		6036BE7525334C5E00149E74 /* Preview Assets.xcassets */ = {isa = PBXFileReference; lastKnownFileType = folder.assetcatalog; path = "Preview Assets.xcassets"; sourceTree = "<group>"; };
		6036BE7725334C5E00149E74 /* Info.plist */ = {isa = PBXFileReference; lastKnownFileType = text.plist.xml; path = Info.plist; sourceTree = "<group>"; };
		6036BE7E25334C9900149E74 /* ios onesignal notification.entitlements */ = {isa = PBXFileReference; lastKnownFileType = text.plist.entitlements; path = "ios onesignal notification.entitlements"; sourceTree = "<group>"; };
		6036BE832533557900149E74 /* OneSignalNotificationServiceExtension.appex */ = {isa = PBXFileReference; explicitFileType = "wrapper.app-extension"; includeInIndex = 0; path = OneSignalNotificationServiceExtension.appex; sourceTree = BUILT_PRODUCTS_DIR; };
		6036BE852533557900149E74 /* NotificationService.swift */ = {isa = PBXFileReference; lastKnownFileType = sourcecode.swift; path = NotificationService.swift; sourceTree = "<group>"; };
		6036BE872533557900149E74 /* Info.plist */ = {isa = PBXFileReference; lastKnownFileType = text.plist.xml; path = Info.plist; sourceTree = "<group>"; };
/* End PBXFileReference section */

/* Begin PBXFrameworksBuildPhase section */
		6036BE6825334C5D00149E74 /* Frameworks */ = {
			isa = PBXFrameworksBuildPhase;
			buildActionMask = 2147483647;
			files = (
				6036BE9325335B9F00149E74 /* OneSignal in Frameworks */,
			);
			runOnlyForDeploymentPostprocessing = 0;
		};
		6036BE802533557900149E74 /* Frameworks */ = {
			isa = PBXFrameworksBuildPhase;
			buildActionMask = 2147483647;
			files = (
				6036BE9825335C9300149E74 /* OneSignal in Frameworks */,
			);
			runOnlyForDeploymentPostprocessing = 0;
		};
/* End PBXFrameworksBuildPhase section */

/* Begin PBXGroup section */
		6036BE6225334C5D00149E74 = {
			isa = PBXGroup;
			children = (
				6036BE6D25334C5D00149E74 /* ios onesignal notification */,
				6036BE842533557900149E74 /* OneSignalNotificationServiceExtension */,
				6036BE6C25334C5D00149E74 /* Products */,
				6036BE9625335C9300149E74 /* Frameworks */,
			);
			sourceTree = "<group>";
		};
		6036BE6C25334C5D00149E74 /* Products */ = {
			isa = PBXGroup;
			children = (
				6036BE6B25334C5D00149E74 /* ios onesignal notification.app */,
				6036BE832533557900149E74 /* OneSignalNotificationServiceExtension.appex */,
			);
			name = Products;
			sourceTree = "<group>";
		};
		6036BE6D25334C5D00149E74 /* ios onesignal notification */ = {
			isa = PBXGroup;
			children = (
				6036BE7E25334C9900149E74 /* ios onesignal notification.entitlements */,
				6036BE6E25334C5D00149E74 /* ios_onesignal_notificationApp.swift */,
				6036BE7025334C5D00149E74 /* ContentView.swift */,
				6036BE7225334C5E00149E74 /* Assets.xcassets */,
				6036BE7725334C5E00149E74 /* Info.plist */,
				6036BE7425334C5E00149E74 /* Preview Content */,
			);
			path = "ios onesignal notification";
			sourceTree = "<group>";
		};
		6036BE7425334C5E00149E74 /* Preview Content */ = {
			isa = PBXGroup;
			children = (
				6036BE7525334C5E00149E74 /* Preview Assets.xcassets */,
			);
			path = "Preview Content";
			sourceTree = "<group>";
		};
		6036BE842533557900149E74 /* OneSignalNotificationServiceExtension */ = {
			isa = PBXGroup;
			children = (
				6036BE852533557900149E74 /* NotificationService.swift */,
				6036BE872533557900149E74 /* Info.plist */,
			);
			path = OneSignalNotificationServiceExtension;
			sourceTree = "<group>";
		};
		6036BE9625335C9300149E74 /* Frameworks */ = {
			isa = PBXGroup;
			children = (
			);
			name = Frameworks;
			sourceTree = "<group>";
		};
/* End PBXGroup section */

/* Begin PBXNativeTarget section */
		6036BE6A25334C5D00149E74 /* ios onesignal notification */ = {
			isa = PBXNativeTarget;
			buildConfigurationList = 6036BE7A25334C5E00149E74 /* Build configuration list for PBXNativeTarget "ios onesignal notification" */;
			buildPhases = (
				6036BE6725334C5D00149E74 /* Sources */,
				6036BE6825334C5D00149E74 /* Frameworks */,
				6036BE6925334C5D00149E74 /* Resources */,
				6036BE8E2533557900149E74 /* Embed App Extensions */,
			);
			buildRules = (
			);
			dependencies = (
				6036BE892533557900149E74 /* PBXTargetDependency */,
			);
			name = "ios onesignal notification";
			packageProductDependencies = (
				6036BE9225335B9F00149E74 /* OneSignal */,
			);
			productName = "ios onesignal notification";
			productReference = 6036BE6B25334C5D00149E74 /* ios onesignal notification.app */;
			productType = "com.apple.product-type.application";
		};
		6036BE822533557900149E74 /* OneSignalNotificationServiceExtension */ = {
			isa = PBXNativeTarget;
			buildConfigurationList = 6036BE8B2533557900149E74 /* Build configuration list for PBXNativeTarget "OneSignalNotificationServiceExtension" */;
			buildPhases = (
				6036BE7F2533557900149E74 /* Sources */,
				6036BE802533557900149E74 /* Frameworks */,
				6036BE812533557900149E74 /* Resources */,
			);
			buildRules = (
			);
			dependencies = (
			);
			name = OneSignalNotificationServiceExtension;
			packageProductDependencies = (
				6036BE9725335C9300149E74 /* OneSignal */,
			);
			productName = OneSignalNotificationServiceExtension;
			productReference = 6036BE832533557900149E74 /* OneSignalNotificationServiceExtension.appex */;
			productType = "com.apple.product-type.app-extension";
		};
/* End PBXNativeTarget section */

/* Begin PBXProject section */
		6036BE6325334C5D00149E74 /* Project object */ = {
			isa = PBXProject;
			attributes = {
				LastSwiftUpdateCheck = 1200;
				LastUpgradeCheck = 1200;
				TargetAttributes = {
					6036BE6A25334C5D00149E74 = {
						CreatedOnToolsVersion = 12.0.1;
					};
					6036BE822533557900149E74 = {
						CreatedOnToolsVersion = 12.0.1;
					};
				};
			};
			buildConfigurationList = 6036BE6625334C5D00149E74 /* Build configuration list for PBXProject "ios onesignal notification" */;
			compatibilityVersion = "Xcode 9.3";
			developmentRegion = en;
			hasScannedForEncodings = 0;
			knownRegions = (
				en,
				Base,
			);
			mainGroup = 6036BE6225334C5D00149E74;
			packageReferences = (
				6036BE9125335B9F00149E74 /* XCRemoteSwiftPackageReference "OneSignal-iOS-SDK" */,
			);
			productRefGroup = 6036BE6C25334C5D00149E74 /* Products */;
			projectDirPath = "";
			projectRoot = "";
			targets = (
				6036BE6A25334C5D00149E74 /* ios onesignal notification */,
				6036BE822533557900149E74 /* OneSignalNotificationServiceExtension */,
			);
		};
/* End PBXProject section */

/* Begin PBXResourcesBuildPhase section */
		6036BE6925334C5D00149E74 /* Resources */ = {
			isa = PBXResourcesBuildPhase;
			buildActionMask = 2147483647;
			files = (
				6036BE7625334C5E00149E74 /* Preview Assets.xcassets in Resources */,
				6036BE7325334C5E00149E74 /* Assets.xcassets in Resources */,
			);
			runOnlyForDeploymentPostprocessing = 0;
		};
		6036BE812533557900149E74 /* Resources */ = {
			isa = PBXResourcesBuildPhase;
			buildActionMask = 2147483647;
			files = (
			);
			runOnlyForDeploymentPostprocessing = 0;
		};
/* End PBXResourcesBuildPhase section */

/* Begin PBXSourcesBuildPhase section */
		6036BE6725334C5D00149E74 /* Sources */ = {
			isa = PBXSourcesBuildPhase;
			buildActionMask = 2147483647;
			files = (
				6036BE7125334C5D00149E74 /* ContentView.swift in Sources */,
				6036BE6F25334C5D00149E74 /* ios_onesignal_notificationApp.swift in Sources */,
			);
			runOnlyForDeploymentPostprocessing = 0;
		};
		6036BE7F2533557900149E74 /* Sources */ = {
			isa = PBXSourcesBuildPhase;
			buildActionMask = 2147483647;
			files = (
				6036BE862533557900149E74 /* NotificationService.swift in Sources */,
			);
			runOnlyForDeploymentPostprocessing = 0;
		};
/* End PBXSourcesBuildPhase section */

/* Begin PBXTargetDependency section */
		6036BE892533557900149E74 /* PBXTargetDependency */ = {
			isa = PBXTargetDependency;
			target = 6036BE822533557900149E74 /* OneSignalNotificationServiceExtension */;
			targetProxy = 6036BE882533557900149E74 /* PBXContainerItemProxy */;
		};
/* End PBXTargetDependency section */

/* Begin XCBuildConfiguration section */
		6036BE7825334C5E00149E74 /* Debug */ = {
			isa = XCBuildConfiguration;
			buildSettings = {
				ALWAYS_SEARCH_USER_PATHS = NO;
				CLANG_ANALYZER_NONNULL = YES;
				CLANG_ANALYZER_NUMBER_OBJECT_CONVERSION = YES_AGGRESSIVE;
				CLANG_CXX_LANGUAGE_STANDARD = "gnu++14";
				CLANG_CXX_LIBRARY = "libc++";
				CLANG_ENABLE_MODULES = YES;
				CLANG_ENABLE_OBJC_ARC = YES;
				CLANG_ENABLE_OBJC_WEAK = YES;
				CLANG_WARN_BLOCK_CAPTURE_AUTORELEASING = YES;
				CLANG_WARN_BOOL_CONVERSION = YES;
				CLANG_WARN_COMMA = YES;
				CLANG_WARN_CONSTANT_CONVERSION = YES;
				CLANG_WARN_DEPRECATED_OBJC_IMPLEMENTATIONS = YES;
				CLANG_WARN_DIRECT_OBJC_ISA_USAGE = YES_ERROR;
				CLANG_WARN_DOCUMENTATION_COMMENTS = YES;
				CLANG_WARN_EMPTY_BODY = YES;
				CLANG_WARN_ENUM_CONVERSION = YES;
				CLANG_WARN_INFINITE_RECURSION = YES;
				CLANG_WARN_INT_CONVERSION = YES;
				CLANG_WARN_NON_LITERAL_NULL_CONVERSION = YES;
				CLANG_WARN_OBJC_IMPLICIT_RETAIN_SELF = YES;
				CLANG_WARN_OBJC_LITERAL_CONVERSION = YES;
				CLANG_WARN_OBJC_ROOT_CLASS = YES_ERROR;
				CLANG_WARN_QUOTED_INCLUDE_IN_FRAMEWORK_HEADER = YES;
				CLANG_WARN_RANGE_LOOP_ANALYSIS = YES;
				CLANG_WARN_STRICT_PROTOTYPES = YES;
				CLANG_WARN_SUSPICIOUS_MOVE = YES;
				CLANG_WARN_UNGUARDED_AVAILABILITY = YES_AGGRESSIVE;
				CLANG_WARN_UNREACHABLE_CODE = YES;
				CLANG_WARN__DUPLICATE_METHOD_MATCH = YES;
				COPY_PHASE_STRIP = NO;
				DEBUG_INFORMATION_FORMAT = dwarf;
				ENABLE_STRICT_OBJC_MSGSEND = YES;
				ENABLE_TESTABILITY = YES;
				GCC_C_LANGUAGE_STANDARD = gnu11;
				GCC_DYNAMIC_NO_PIC = NO;
				GCC_NO_COMMON_BLOCKS = YES;
				GCC_OPTIMIZATION_LEVEL = 0;
				GCC_PREPROCESSOR_DEFINITIONS = (
					"DEBUG=1",
					"$(inherited)",
				);
				GCC_WARN_64_TO_32_BIT_CONVERSION = YES;
				GCC_WARN_ABOUT_RETURN_TYPE = YES_ERROR;
				GCC_WARN_UNDECLARED_SELECTOR = YES;
				GCC_WARN_UNINITIALIZED_AUTOS = YES_AGGRESSIVE;
				GCC_WARN_UNUSED_FUNCTION = YES;
				GCC_WARN_UNUSED_VARIABLE = YES;
				IPHONEOS_DEPLOYMENT_TARGET = 14.0;
				MTL_ENABLE_DEBUG_INFO = INCLUDE_SOURCE;
				MTL_FAST_MATH = YES;
				ONLY_ACTIVE_ARCH = YES;
				SDKROOT = iphoneos;
				SWIFT_ACTIVE_COMPILATION_CONDITIONS = DEBUG;
				SWIFT_OPTIMIZATION_LEVEL = "-Onone";
			};
			name = Debug;
		};
		6036BE7925334C5E00149E74 /* Release */ = {
			isa = XCBuildConfiguration;
			buildSettings = {
				ALWAYS_SEARCH_USER_PATHS = NO;
				CLANG_ANALYZER_NONNULL = YES;
				CLANG_ANALYZER_NUMBER_OBJECT_CONVERSION = YES_AGGRESSIVE;
				CLANG_CXX_LANGUAGE_STANDARD = "gnu++14";
				CLANG_CXX_LIBRARY = "libc++";
				CLANG_ENABLE_MODULES = YES;
				CLANG_ENABLE_OBJC_ARC = YES;
				CLANG_ENABLE_OBJC_WEAK = YES;
				CLANG_WARN_BLOCK_CAPTURE_AUTORELEASING = YES;
				CLANG_WARN_BOOL_CONVERSION = YES;
				CLANG_WARN_COMMA = YES;
				CLANG_WARN_CONSTANT_CONVERSION = YES;
				CLANG_WARN_DEPRECATED_OBJC_IMPLEMENTATIONS = YES;
				CLANG_WARN_DIRECT_OBJC_ISA_USAGE = YES_ERROR;
				CLANG_WARN_DOCUMENTATION_COMMENTS = YES;
				CLANG_WARN_EMPTY_BODY = YES;
				CLANG_WARN_ENUM_CONVERSION = YES;
				CLANG_WARN_INFINITE_RECURSION = YES;
				CLANG_WARN_INT_CONVERSION = YES;
				CLANG_WARN_NON_LITERAL_NULL_CONVERSION = YES;
				CLANG_WARN_OBJC_IMPLICIT_RETAIN_SELF = YES;
				CLANG_WARN_OBJC_LITERAL_CONVERSION = YES;
				CLANG_WARN_OBJC_ROOT_CLASS = YES_ERROR;
				CLANG_WARN_QUOTED_INCLUDE_IN_FRAMEWORK_HEADER = YES;
				CLANG_WARN_RANGE_LOOP_ANALYSIS = YES;
				CLANG_WARN_STRICT_PROTOTYPES = YES;
				CLANG_WARN_SUSPICIOUS_MOVE = YES;
				CLANG_WARN_UNGUARDED_AVAILABILITY = YES_AGGRESSIVE;
				CLANG_WARN_UNREACHABLE_CODE = YES;
				CLANG_WARN__DUPLICATE_METHOD_MATCH = YES;
				COPY_PHASE_STRIP = NO;
				DEBUG_INFORMATION_FORMAT = "dwarf-with-dsym";
				ENABLE_NS_ASSERTIONS = NO;
				ENABLE_STRICT_OBJC_MSGSEND = YES;
				GCC_C_LANGUAGE_STANDARD = gnu11;
				GCC_NO_COMMON_BLOCKS = YES;
				GCC_WARN_64_TO_32_BIT_CONVERSION = YES;
				GCC_WARN_ABOUT_RETURN_TYPE = YES_ERROR;
				GCC_WARN_UNDECLARED_SELECTOR = YES;
				GCC_WARN_UNINITIALIZED_AUTOS = YES_AGGRESSIVE;
				GCC_WARN_UNUSED_FUNCTION = YES;
				GCC_WARN_UNUSED_VARIABLE = YES;
				IPHONEOS_DEPLOYMENT_TARGET = 14.0;
				MTL_ENABLE_DEBUG_INFO = NO;
				MTL_FAST_MATH = YES;
				SDKROOT = iphoneos;
				SWIFT_COMPILATION_MODE = wholemodule;
				SWIFT_OPTIMIZATION_LEVEL = "-O";
				VALIDATE_PRODUCT = YES;
			};
			name = Release;
		};
		6036BE7B25334C5E00149E74 /* Debug */ = {
			isa = XCBuildConfiguration;
			buildSettings = {
				ALWAYS_EMBED_SWIFT_STANDARD_LIBRARIES = YES;
				ASSETCATALOG_COMPILER_APPICON_NAME = AppIcon;
				ASSETCATALOG_COMPILER_GLOBAL_ACCENT_COLOR_NAME = AccentColor;
				CODE_SIGN_ENTITLEMENTS = "ios onesignal notification/ios onesignal notification.entitlements";
				CODE_SIGN_STYLE = Automatic;
				DEVELOPMENT_ASSET_PATHS = "\"ios onesignal notification/Preview Content\"";
				DEVELOPMENT_TEAM = TVFQAT4MZP;
				ENABLE_PREVIEWS = YES;
				INFOPLIST_FILE = "ios onesignal notification/Info.plist";
				IPHONEOS_DEPLOYMENT_TARGET = 14.0;
				LD_RUNPATH_SEARCH_PATHS = (
					"$(inherited)",
					"@executable_path/Frameworks",
				);
				PRODUCT_BUNDLE_IDENTIFIER = "ihwan.id.ios-onesignal-notification";
				PRODUCT_NAME = "$(TARGET_NAME)";
				SWIFT_VERSION = 5.0;
				TARGETED_DEVICE_FAMILY = "1,2";
			};
			name = Debug;
		};
		6036BE7C25334C5E00149E74 /* Release */ = {
			isa = XCBuildConfiguration;
			buildSettings = {
				ALWAYS_EMBED_SWIFT_STANDARD_LIBRARIES = YES;
				ASSETCATALOG_COMPILER_APPICON_NAME = AppIcon;
				ASSETCATALOG_COMPILER_GLOBAL_ACCENT_COLOR_NAME = AccentColor;
				CODE_SIGN_ENTITLEMENTS = "ios onesignal notification/ios onesignal notification.entitlements";
				CODE_SIGN_STYLE = Automatic;
				DEVELOPMENT_ASSET_PATHS = "\"ios onesignal notification/Preview Content\"";
				DEVELOPMENT_TEAM = TVFQAT4MZP;
				ENABLE_PREVIEWS = YES;
				INFOPLIST_FILE = "ios onesignal notification/Info.plist";
				IPHONEOS_DEPLOYMENT_TARGET = 14.0;
				LD_RUNPATH_SEARCH_PATHS = (
					"$(inherited)",
					"@executable_path/Frameworks",
				);
				PRODUCT_BUNDLE_IDENTIFIER = "ihwan.id.ios-onesignal-notification";
				PRODUCT_NAME = "$(TARGET_NAME)";
				SWIFT_VERSION = 5.0;
				TARGETED_DEVICE_FAMILY = "1,2";
			};
			name = Release;
		};
		6036BE8C2533557900149E74 /* Debug */ = {
			isa = XCBuildConfiguration;
			buildSettings = {
				CODE_SIGN_STYLE = Automatic;
				DEVELOPMENT_TEAM = TVFQAT4MZP;
				INFOPLIST_FILE = OneSignalNotificationServiceExtension/Info.plist;
				LD_RUNPATH_SEARCH_PATHS = (
					"$(inherited)",
					"@executable_path/Frameworks",
					"@executable_path/../../Frameworks",
				);
				PRODUCT_BUNDLE_IDENTIFIER = "ihwan.id.ios-onesignal-notification.OneSignalNotificationServiceExtension";
				PRODUCT_NAME = "$(TARGET_NAME)";
				SKIP_INSTALL = YES;
				SWIFT_VERSION = 5.0;
				TARGETED_DEVICE_FAMILY = "1,2";
			};
			name = Debug;
		};
		6036BE8D2533557900149E74 /* Release */ = {
			isa = XCBuildConfiguration;
			buildSettings = {
				CODE_SIGN_STYLE = Automatic;
				DEVELOPMENT_TEAM = TVFQAT4MZP;
				INFOPLIST_FILE = OneSignalNotificationServiceExtension/Info.plist;
				LD_RUNPATH_SEARCH_PATHS = (
					"$(inherited)",
					"@executable_path/Frameworks",
					"@executable_path/../../Frameworks",
				);
				PRODUCT_BUNDLE_IDENTIFIER = "ihwan.id.ios-onesignal-notification.OneSignalNotificationServiceExtension";
				PRODUCT_NAME = "$(TARGET_NAME)";
				SKIP_INSTALL = YES;
				SWIFT_VERSION = 5.0;
				TARGETED_DEVICE_FAMILY = "1,2";
			};
			name = Release;
		};
/* End XCBuildConfiguration section */

/* Begin XCConfigurationList section */
		6036BE6625334C5D00149E74 /* Build configuration list for PBXProject "ios onesignal notification" */ = {
			isa = XCConfigurationList;
			buildConfigurations = (
				6036BE7825334C5E00149E74 /* Debug */,
				6036BE7925334C5E00149E74 /* Release */,
			);
			defaultConfigurationIsVisible = 0;
			defaultConfigurationName = Release;
		};
		6036BE7A25334C5E00149E74 /* Build configuration list for PBXNativeTarget "ios onesignal notification" */ = {
			isa = XCConfigurationList;
			buildConfigurations = (
				6036BE7B25334C5E00149E74 /* Debug */,
				6036BE7C25334C5E00149E74 /* Release */,
			);
			defaultConfigurationIsVisible = 0;
			defaultConfigurationName = Release;
		};
		6036BE8B2533557900149E74 /* Build configuration list for PBXNativeTarget "OneSignalNotificationServiceExtension" */ = {
			isa = XCConfigurationList;
			buildConfigurations = (
				6036BE8C2533557900149E74 /* Debug */,
				6036BE8D2533557900149E74 /* Release */,
			);
			defaultConfigurationIsVisible = 0;
			defaultConfigurationName = Release;
		};
/* End XCConfigurationList section */

/* Begin XCRemoteSwiftPackageReference section */
		6036BE9125335B9F00149E74 /* XCRemoteSwiftPackageReference "OneSignal-iOS-SDK" */ = {
			isa = XCRemoteSwiftPackageReference;
			repositoryURL = "https://github.com/OneSignal/OneSignal-iOS-SDK";
			requirement = {
				kind = upToNextMajorVersion;
				minimumVersion = 2.15.3;
			};
		};
/* End XCRemoteSwiftPackageReference section */

/* Begin XCSwiftPackageProductDependency section */
		6036BE9225335B9F00149E74 /* OneSignal */ = {
			isa = XCSwiftPackageProductDependency;
			package = 6036BE9125335B9F00149E74 /* XCRemoteSwiftPackageReference "OneSignal-iOS-SDK" */;
			productName = OneSignal;
		};
		6036BE9725335C9300149E74 /* OneSignal */ = {
			isa = XCSwiftPackageProductDependency;
			package = 6036BE9125335B9F00149E74 /* XCRemoteSwiftPackageReference "OneSignal-iOS-SDK" */;
			productName = OneSignal;
		};
/* End XCSwiftPackageProductDependency section */
	};
	rootObject = 6036BE6325334C5D00149E74 /* Project object */;
}
